<?xml version="1.0" encoding="utf-8"?>
<Project ToolsVersion="4.0" xmlns="http://schemas.microsoft.com/developer/msbuild/2003">
  <ItemGroup>
    <Filter Include="Autoruns">
      <UniqueIdentifier>{4ee00d28-a109-4091-ab10-89dc1944a8bc}</UniqueIdentifier>
    </Filter>
    <Filter Include="ProcView">
      <UniqueIdentifier>{cac3f03f-ff77-42ff-a6b3-c42b14cd31ca}</UniqueIdentifier>
    </Filter>
    <Filter Include="Generic">
      <UniqueIdentifier>{80fe139b-ae3c-40ab-9907-c3547235f834}</UniqueIdentifier>
    </Filter>
    <Filter Include="Generic\Resource Files">
      <UniqueIdentifier>{2f3f9b04-4a71-4e37-a334-ebd57800e3db}</UniqueIdentifier>
      <Extensions>ico;cur;bmp;dlg;rc2;rct;bin;rgs;gif;jpg;jpeg;jpe</Extensions>
    </Filter>
    <Filter Include="SystrayPlayer">
      <UniqueIdentifier>{53022016-d8ec-4c5b-94dc-380f883aab68}</UniqueIdentifier>
    </Filter>
    <Filter Include="NTProtect">
      <UniqueIdentifier>{a72e1610-30ea-4b2d-a1bc-458005edc54d}</UniqueIdentifier>
    </Filter>
    <Filter Include="WindowPoser">
      <UniqueIdentifier>{ea9c5a14-13c4-40ee-9f6a-be24fcdd4673}</UniqueIdentifier>
    </Filter>
    <Filter Include="Generic\Icons">
      <UniqueIdentifier>{e4cf8a33-e223-4bbf-871a-d36e13e7dd29}</UniqueIdentifier>
    </Filter>
    <Filter Include="Syslog">
      <UniqueIdentifier>{4beaf4cc-fe19-4030-ab02-af0defe14daf}</UniqueIdentifier>
    </Filter>
    <Filter Include="Modules">
      <UniqueIdentifier>{c3fcbf3f-4b13-40f2-9aed-999c661ed561}</UniqueIdentifier>
    </Filter>
    <Filter Include="Modules\Ext">
      <UniqueIdentifier>{4b59acdf-b322-4f8f-8c76-aeadecf34180}</UniqueIdentifier>
    </Filter>
    <Filter Include="Generic\Afx">
      <UniqueIdentifier>{a9bfe8b3-d970-4e85-94ea-ff08a3b471bf}</UniqueIdentifier>
    </Filter>
    <Filter Include="VBoxCtrl">
      <UniqueIdentifier>{2c41c748-0ceb-4234-a3f5-e37afbf0299d}</UniqueIdentifier>
    </Filter>
    <Filter Include="NetMsg">
      <UniqueIdentifier>{441985cf-89d3-4c46-8fd7-e1afd203aa06}</UniqueIdentifier>
    </Filter>
    <Filter Include="RawPrintServer">
      <UniqueIdentifier>{d4f6c212-c2d8-451d-9bca-cf85c73b9fd5}</UniqueIdentifier>
    </Filter>
  </ItemGroup>
  <ItemGroup>
    <ClCompile Include="Autoruns\Autoruns.cpp">
      <Filter>Autoruns</Filter>
    </ClCompile>
    <ClCompile Include="ProcView\ProcView.cpp">
      <Filter>ProcView</Filter>
    </ClCompile>
    <ClCompile Include="StdAfx.cpp">
      <Filter>Generic\Afx</Filter>
    </ClCompile>
    <ClCompile Include="Modules\Ext\ShellExDlg.cpp">
      <Filter>Modules\Ext</Filter>
    </ClCompile>
    <ClCompile Include="Modules\ActiveMovie.cpp">
      <Filter>Modules</Filter>
    </ClCompile>
    <ClCompile Include="Modules\CFSLogger.cpp">
      <Filter>Modules</Filter>
    </ClCompile>
    <ClCompile Include="Modules\Comctls.cpp">
      <Filter>Modules</Filter>
    </ClCompile>
    <ClCompile Include="Modules\ControlUI.cpp">
      <Filter>Modules</Filter>
    </ClCompile>
    <ClCompile Include="Modules\FileSystem.cpp">
      <Filter>Modules</Filter>
    </ClCompile>
    <ClCompile Include="Modules\GDI.cpp">
      <Filter>Modules</Filter>
    </ClCompile>
    <ClCompile Include="Modules\Inifile.cpp">
      <Filter>Modules</Filter>
    </ClCompile>
    <ClCompile Include="Modules\MegaPopup.cpp">
      <Filter>Modules</Filter>
    </ClCompile>
    <ClCompile Include="Modules\Process.cpp">
      <Filter>Modules</Filter>
    </ClCompile>
    <ClCompile Include="Modules\Registry.cpp">
      <Filter>Modules</Filter>
    </ClCompile>
    <ClCompile Include="Modules\ShellNotify.cpp">
      <Filter>Modules</Filter>
    </ClCompile>
    <ClCompile Include="Modules\StructArray.cpp">
      <Filter>Modules</Filter>
    </ClCompile>
    <ClCompile Include="Modules\TheString.cpp">
      <Filter>Modules</Filter>
    </ClCompile>
    <ClCompile Include="Modules\VbStd.cpp">
      <Filter>Modules</Filter>
    </ClCompile>
    <ClCompile Include="Modules\Wsock2.cpp">
      <Filter>Modules</Filter>
    </ClCompile>
    <ClCompile Include="SystrayPlayer\SystrayPlayer.cpp">
      <Filter>SystrayPlayer</Filter>
    </ClCompile>
    <ClCompile Include="NTProtect\NTProtect.cpp">
      <Filter>NTProtect</Filter>
    </ClCompile>
    <ClCompile Include="WindowPoser\WindowPoser.cpp">
      <Filter>WindowPoser</Filter>
    </ClCompile>
    <ClCompile Include="Syslog\Syslog_Client.cpp">
      <Filter>Syslog</Filter>
    </ClCompile>
    <ClCompile Include="Syslog\Syslog_Server.cpp">
      <Filter>Syslog</Filter>
    </ClCompile>
    <ClCompile Include="Syslog\Syslog_vcomm.cpp">
      <Filter>Syslog</Filter>
    </ClCompile>
    <ClCompile Include="Syslog\Syslog_Shared.cpp">
      <Filter>Syslog</Filter>
    </ClCompile>
    <ClCompile Include="Boot.cpp" />
    <ClCompile Include="ntService.cpp" />
    <ClCompile Include="vcomm.cpp" />
    <ClCompile Include="Winsuite_Server.cpp" />
    <ClCompile Include="Modules\CSendKeys.cpp">
      <Filter>Modules</Filter>
    </ClCompile>
    <ClCompile Include="NetMsg\NetMsg_Client.cpp">
      <Filter>NetMsg</Filter>
    </ClCompile>
    <ClCompile Include="NetMsg\NetMsg_Server.cpp">
      <Filter>NetMsg</Filter>
    </ClCompile>
    <ClCompile Include="NetMsg\NetMsg_vcomm.cpp">
      <Filter>NetMsg</Filter>
    </ClCompile>
    <ClCompile Include="RawPrintServer\RawPrintServer.cpp">
      <Filter>RawPrintServer</Filter>
    </ClCompile>
  </ItemGroup>
  <ItemGroup>
    <ClInclude Include="Autoruns\Autoruns.h">
      <Filter>Autoruns</Filter>
    </ClInclude>
    <ClInclude Include="ProcView\ProcView.h">
      <Filter>ProcView</Filter>
    </ClInclude>
    <ClInclude Include="Resource.h">
      <Filter>Generic\Resource Files</Filter>
    </ClInclude>
    <ClInclude Include="StdAfx.h">
      <Filter>Generic\Afx</Filter>
    </ClInclude>
    <ClInclude Include="Modules\Ext\ShellExDlg.h">
      <Filter>Modules\Ext</Filter>
    </ClInclude>
    <ClInclude Include="Modules\_modules.h">
      <Filter>Modules</Filter>
    </ClInclude>
    <ClInclude Include="Modules\ActiveMovie.h">
      <Filter>Modules</Filter>
    </ClInclude>
    <ClInclude Include="Modules\CFSLogger.h">
      <Filter>Modules</Filter>
    </ClInclude>
    <ClInclude Include="Modules\Comctls.h">
      <Filter>Modules</Filter>
    </ClInclude>
    <ClInclude Include="Modules\ControlUI.h">
      <Filter>Modules</Filter>
    </ClInclude>
    <ClInclude Include="Modules\FileSystem.h">
      <Filter>Modules</Filter>
    </ClInclude>
    <ClInclude Include="Modules\GDI.h">
      <Filter>Modules</Filter>
    </ClInclude>
    <ClInclude Include="Modules\Inifile.h">
      <Filter>Modules</Filter>
    </ClInclude>
    <ClInclude Include="Modules\MegaPopup.h">
      <Filter>Modules</Filter>
    </ClInclude>
    <ClInclude Include="Modules\Process.h">
      <Filter>Modules</Filter>
    </ClInclude>
    <ClInclude Include="Modules\Registry.h">
      <Filter>Modules</Filter>
    </ClInclude>
    <ClInclude Include="Modules\ShellNotify.h">
      <Filter>Modules</Filter>
    </ClInclude>
    <ClInclude Include="Modules\StructArray.h">
      <Filter>Modules</Filter>
    </ClInclude>
    <ClInclude Include="Modules\TheString.h">
      <Filter>Modules</Filter>
    </ClInclude>
    <ClInclude Include="Modules\VbStd.h">
      <Filter>Modules</Filter>
    </ClInclude>
    <ClInclude Include="Modules\Wsock2.h">
      <Filter>Modules</Filter>
    </ClInclude>
    <ClInclude Include="SystrayPlayer\SystrayPlayer.h">
      <Filter>SystrayPlayer</Filter>
    </ClInclude>
    <ClInclude Include="NTProtect\NTProtect.h">
      <Filter>NTProtect</Filter>
    </ClInclude>
    <ClInclude Include="WindowPoser\WindowPoser.h">
      <Filter>WindowPoser</Filter>
    </ClInclude>
    <ClInclude Include="Syslog\Syslog_Server.h">
      <Filter>Syslog</Filter>
    </ClInclude>
    <ClInclude Include="Syslog\Syslog_vcomm.h">
      <Filter>Syslog</Filter>
    </ClInclude>
    <ClInclude Include="Syslog\Syslog_Client.h">
      <Filter>Syslog</Filter>
    </ClInclude>
    <ClInclude Include="Syslog\Syslog_Shared.h">
      <Filter>Syslog</Filter>
    </ClInclude>
    <ClInclude Include="Boot.h" />
    <ClInclude Include="ntService.h" />
    <ClInclude Include="vcomm.h" />
    <ClInclude Include="Winsuite_Server.h" />
    <ClInclude Include="Modules\CSendKeys.h">
      <Filter>Modules</Filter>
    </ClInclude>
    <ClInclude Include="NetMsg\NetMsg_Client.h">
      <Filter>NetMsg</Filter>
    </ClInclude>
    <ClInclude Include="NetMsg\NetMsg_Server.h">
      <Filter>NetMsg</Filter>
    </ClInclude>
    <ClInclude Include="NetMsg\NetMsg_vcomm.h">
      <Filter>NetMsg</Filter>
    </ClInclude>
    <ClInclude Include="RawPrintServer\RawPrintServer.h">
      <Filter>RawPrintServer</Filter>
    </ClInclude>
    <ClInclude Include="NTProtect\endpointvolume_custom.h">
      <Filter>NTProtect</Filter>
    </ClInclude>
  </ItemGroup>
  <ItemGroup>
    <ResourceCompile Include="Winsuite.rc">
      <Filter>Generic\Resource Files</Filter>
    </ResourceCompile>
  </ItemGroup>
  <ItemGroup>
    <CustomBuild Include="Icons\Addfile.ico">
      <Filter>Generic\Icons</Filter>
    </CustomBuild>
    <CustomBuild Include="Icons\Explorer.ico">
      <Filter>Generic\Icons</Filter>
    </CustomBuild>
    <CustomBuild Include="Icons\Amovie16.ico">
      <Filter>Generic\Icons</Filter>
    </CustomBuild>
    <CustomBuild Include="Icons\Amovie32.ico">
      <Filter>Generic\Icons</Filter>
    </CustomBuild>
    <CustomBuild Include="Icons\Apps.ico">
      <Filter>Generic\Icons</Filter>
    </CustomBuild>
    <CustomBuild Include="Icons\Close.ico">
      <Filter>Generic\Icons</Filter>
    </CustomBuild>
    <CustomBuild Include="Icons\Connected.ico">
      <Filter>Generic\Icons</Filter>
    </CustomBuild>
    <CustomBuild Include="Icons\Connecting.ico">
      <Filter>Generic\Icons</Filter>
    </CustomBuild>
    <CustomBuild Include="Icons\Defrag.ico">
      <Filter>Generic\Icons</Filter>
    </CustomBuild>
    <CustomBuild Include="Icons\Disk.ico">
      <Filter>Generic\Icons</Filter>
    </CustomBuild>
    <CustomBuild Include="Icons\firewall.ico">
      <Filter>Generic\Icons</Filter>
    </CustomBuild>
    <CustomBuild Include="Icons\PlayPause2.ico">
      <Filter>Generic\Icons</Filter>
    </CustomBuild>
    <CustomBuild Include="Icons\icon1.ico">
      <Filter>Generic\Icons</Filter>
    </CustomBuild>
    <CustomBuild Include="Icons\inetopts.ico">
      <Filter>Generic\Icons</Filter>
    </CustomBuild>
    <CustomBuild Include="Icons\Max.ico">
      <Filter>Generic\Icons</Filter>
    </CustomBuild>
    <CustomBuild Include="Icons\net_active.ico">
      <Filter>Generic\Icons</Filter>
    </CustomBuild>
    <CustomBuild Include="Icons\net_inactive.ico">
      <Filter>Generic\Icons</Filter>
    </CustomBuild>
    <CustomBuild Include="Icons\net_recv.ico">
      <Filter>Generic\Icons</Filter>
    </CustomBuild>
    <CustomBuild Include="Icons\net_send.ico">
      <Filter>Generic\Icons</Filter>
    </CustomBuild>
    <CustomBuild Include="Icons\netconns.ico">
      <Filter>Generic\Icons</Filter>
    </CustomBuild>
    <CustomBuild Include="Icons\Nextfile.ico">
      <Filter>Generic\Icons</Filter>
    </CustomBuild>
    <CustomBuild Include="Icons\NoInternet.ico">
      <Filter>Generic\Icons</Filter>
    </CustomBuild>
    <CustomBuild Include="Icons\ntprotect.ico">
      <Filter>Generic\Icons</Filter>
    </CustomBuild>
    <CustomBuild Include="Icons\Play.ico">
      <Filter>Generic\Icons</Filter>
    </CustomBuild>
    <CustomBuild Include="Icons\PlayPause1.ico">
      <Filter>Generic\Icons</Filter>
    </CustomBuild>
    <CustomBuild Include="Icons\ProcView.ico">
      <Filter>Generic\Icons</Filter>
    </CustomBuild>
    <CustomBuild Include="Icons\Remove.ico">
      <Filter>Generic\Icons</Filter>
    </CustomBuild>
    <CustomBuild Include="Icons\Quickres.ico">
      <Filter>Generic\Icons</Filter>
    </CustomBuild>
    <CustomBuild Include="Icons\Regtool.ico">
      <Filter>Generic\Icons</Filter>
    </CustomBuild>
    <CustomBuild Include="Icons\xp_8bit.ico">
      <Filter>Generic\Icons</Filter>
    </CustomBuild>
    <CustomBuild Include="Icons\WinSuite.ico">
      <Filter>Generic\Icons</Filter>
    </CustomBuild>
    <CustomBuild Include="Icons\Unknown.ico">
      <Filter>Generic\Icons</Filter>
    </CustomBuild>
    <CustomBuild Include="Icons\Task.ico">
      <Filter>Generic\Icons</Filter>
    </CustomBuild>
    <CustomBuild Include="Icons\Stop.ico">
      <Filter>Generic\Icons</Filter>
    </CustomBuild>
    <CustomBuild Include="Icons\SoftwareBig.ico">
      <Filter>Generic\Icons</Filter>
    </CustomBuild>
    <CustomBuild Include="Icons\ShellExecute.ico">
      <Filter>Generic\Icons</Filter>
    </CustomBuild>
    <CustomBuild Include="Icons\Restore.ico">
      <Filter>Generic\Icons</Filter>
    </CustomBuild>
    <CustomBuild Include="Icons\Restart32.ico">
      <Filter>Generic\Icons</Filter>
    </CustomBuild>
  </ItemGroup>
  <ItemGroup>
    <None Include="Icons\Check.ico">
      <Filter>Generic\Icons</Filter>
    </None>
    <None Include="Icons\Eye.ico">
      <Filter>Generic\Icons</Filter>
    </None>
    <None Include="Icons\Logfile.ico">
      <Filter>Generic\Icons</Filter>
    </None>
    <None Include="Icons\News.ico">
      <Filter>Generic\Icons</Filter>
    </None>
    <None Include="Icons\Slstop.ico">
      <Filter>Generic\Icons</Filter>
    </None>
    <None Include="Icons\Paper.ico">
      <Filter>Generic\Icons</Filter>
    </None>
    <None Include="Icons\VirtualBox.ico">
      <Filter>Generic\Icons</Filter>
    </None>
    <None Include="Icons\Shutdown.ico">
      <Filter>Generic\Icons</Filter>
    </None>
    <None Include="Icons\Monitor.ico">
      <Filter>Generic\Icons</Filter>
    </None>
    <None Include="Icons\PCStop.ico">
      <Filter>Generic\Icons</Filter>
    </None>
    <None Include="Icons\PCStart.ico">
      <Filter>Generic\Icons</Filter>
    </None>
    <None Include="Icons\net_grey.ico">
      <Filter>Generic\Icons</Filter>
    </None>
    <None Include="Icons\netmsg_connecting.ico">
      <Filter>Generic\Icons</Filter>
    </None>
    <None Include="Icons\netmsg_disconnected.ico">
      <Filter>Generic\Icons</Filter>
    </None>
    <None Include="Icons\netmsg_newmsg.ico">
      <Filter>Generic\Icons</Filter>
    </None>
    <None Include="Icons\netmsg_nomsg.ico">
      <Filter>Generic\Icons</Filter>
    </None>
    <None Include="..\..\Users\Anwender\Linked-Eigene Dateien\WinSuite\Icons\netmsg_connecting.ico">
      <Filter>Generic\Resource Files</Filter>
    </None>
  </ItemGroup>
</Project>